
Microsoft Visual Studio Solution File, Format Version 12.00
# Visual Studio Version 17
VisualStudioVersion = 17.9.34902.65
MinimumVisualStudioVersion = 10.0.40219.1
Project("{9A19103F-16F7-4668-BE54-9A1E7A4F7556}") = "Proekt", "Proekt\Proekt.csproj", "{C0532330-C79C-4369-B073-289FA77364E1}"
EndProject
Project("{9A19103F-16F7-4668-BE54-9A1E7A4F7556}") = "ProektSort", "ProektSort\ProektSort.csproj", "{34462BD9-68B6-49AC-9652-9EAB42DACC9E}"
EndProject
Project("{9A19103F-16F7-4668-BE54-9A1E7A4F7556}") = "ProektStudents", "ProektStudents\ProektStudents.csproj", "{F7F2762C-17C2-4C3F-AEB1-6A9B567CFF77}"
EndProject
Project("{FAE04EC0-301F-11D3-BF4B-00C04F79EFBC}") = "ProektMatrix", "ProektMatrix\ProektMatrix.csproj", "{5295CA8D-6A7B-442D-BB6E-2BB8D492A784}"
EndProject
Global
	GlobalSection(SolutionConfigurationPlatforms) = preSolution
		Debug|Any CPU = Debug|Any CPU
		Release|Any CPU = Release|Any CPU
	EndGlobalSection
	GlobalSection(ProjectConfigurationPlatforms) = postSolution
		{C0532330-C79C-4369-B073-289FA77364E1}.Debug|Any CPU.ActiveCfg = Debug|Any CPU
		{C0532330-C79C-4369-B073-289FA77364E1}.Debug|Any CPU.Build.0 = Debug|Any CPU
		{C0532330-C79C-4369-B073-289FA77364E1}.Release|Any CPU.ActiveCfg = Release|Any CPU
		{C0532330-C79C-4369-B073-289FA77364E1}.Release|Any CPU.Build.0 = Release|Any CPU
		{34462BD9-68B6-49AC-9652-9EAB42DACC9E}.Debug|Any CPU.ActiveCfg = Debug|Any CPU
		{34462BD9-68B6-49AC-9652-9EAB42DACC9E}.Debug|Any CPU.Build.0 = Debug|Any CPU
		{34462BD9-68B6-49AC-9652-9EAB42DACC9E}.Release|Any CPU.ActiveCfg = Release|Any CPU
		{34462BD9-68B6-49AC-9652-9EAB42DACC9E}.Release|Any CPU.Build.0 = Release|Any CPU
		{F7F2762C-17C2-4C3F-AEB1-6A9B567CFF77}.Debug|Any CPU.ActiveCfg = Debug|Any CPU
		{F7F2762C-17C2-4C3F-AEB1-6A9B567CFF77}.Debug|Any CPU.Build.0 = Debug|Any CPU
		{F7F2762C-17C2-4C3F-AEB1-6A9B567CFF77}.Release|Any CPU.ActiveCfg = Release|Any CPU
		{F7F2762C-17C2-4C3F-AEB1-6A9B567CFF77}.Release|Any CPU.Build.0 = Release|Any CPU
		{5295CA8D-6A7B-442D-BB6E-2BB8D492A784}.Debug|Any CPU.ActiveCfg = Debug|Any CPU
		{5295CA8D-6A7B-442D-BB6E-2BB8D492A784}.Debug|Any CPU.Build.0 = Debug|Any CPU
		{5295CA8D-6A7B-442D-BB6E-2BB8D492A784}.Release|Any CPU.ActiveCfg = Release|Any CPU
		{5295CA8D-6A7B-442D-BB6E-2BB8D492A784}.Release|Any CPU.Build.0 = Release|Any CPU
	EndGlobalSection
	GlobalSection(SolutionProperties) = preSolution
		HideSolutionNode = FALSE
	EndGlobalSection
	GlobalSection(ExtensibilityGlobals) = postSolution
		SolutionGuid = {50F0E9E6-B3A4-4759-A311-8EBA556F4D28}
	EndGlobalSection
EndGlobal
